// !$*UTF8*$!
{
	archiveVersion = 1;
	classes = {
	};
	objectVersion = 55;
	objects = {

/* Begin PBXBuildFile section */
		3DED0C15275E8AE20063D57C /* AssetManagermentAppApp.swift in Sources */ = {isa = PBXBuildFile; fileRef = 3DED0C14275E8AE20063D57C /* AssetManagermentAppApp.swift */; };
		3DED0C17275E8AE20063D57C /* ContentView.swift in Sources */ = {isa = PBXBuildFile; fileRef = 3DED0C16275E8AE20063D57C /* ContentView.swift */; };
		3DED0C19275E8AE30063D57C /* Assets.xcassets in Resources */ = {isa = PBXBuildFile; fileRef = 3DED0C18275E8AE30063D57C /* Assets.xcassets */; };
		3DED0C1C275E8AE30063D57C /* Preview Assets.xcassets in Resources */ = {isa = PBXBuildFile; fileRef = 3DED0C1B275E8AE30063D57C /* Preview Assets.xcassets */; };
		3DED0C26275E8AE40063D57C /* AssetManagermentAppTests.swift in Sources */ = {isa = PBXBuildFile; fileRef = 3DED0C25275E8AE40063D57C /* AssetManagermentAppTests.swift */; };
		3DED0C30275E8AE40063D57C /* AssetManagermentAppUITests.swift in Sources */ = {isa = PBXBuildFile; fileRef = 3DED0C2F275E8AE40063D57C /* AssetManagermentAppUITests.swift */; };
		3DED0C32275E8AE40063D57C /* AssetManagermentAppUITestsLaunchTests.swift in Sources */ = {isa = PBXBuildFile; fileRef = 3DED0C31275E8AE40063D57C /* AssetManagermentAppUITestsLaunchTests.swift */; };
		3DED0C3F275E8B240063D57C /* MyView.swift in Sources */ = {isa = PBXBuildFile; fileRef = 3DED0C3E275E8B240063D57C /* MyView.swift */; };
/* End PBXBuildFile section */

/* Begin PBXContainerItemProxy section */
		3DED0C22275E8AE40063D57C /* PBXContainerItemProxy */ = {
			isa = PBXContainerItemProxy;
			containerPortal = 3DED0C09275E8AE20063D57C /* Project object */;
			proxyType = 1;
			remoteGlobalIDString = 3DED0C10275E8AE20063D57C;
			remoteInfo = AssetManagermentApp;
		};
		3DED0C2C275E8AE40063D57C /* PBXContainerItemProxy */ = {
			isa = PBXContainerItemProxy;
			containerPortal = 3DED0C09275E8AE20063D57C /* Project object */;
			proxyType = 1;
			remoteGlobalIDString = 3DED0C10275E8AE20063D57C;
			remoteInfo = AssetManagermentApp;
		};
/* End PBXContainerItemProxy section */

/* Begin PBXFileReference section */
		3DED0C11275E8AE20063D57C /* AssetManagermentApp.app */ = {isa = PBXFileReference; explicitFileType = wrapper.application; includeInIndex = 0; path = AssetManagermentApp.app; sourceTree = BUILT_PRODUCTS_DIR; };
		3DED0C14275E8AE20063D57C /* AssetManagermentAppApp.swift */ = {isa = PBXFileReference; lastKnownFileType = sourcecode.swift; path = AssetManagermentAppApp.swift; sourceTree = "<group>"; };
		3DED0C16275E8AE20063D57C /* ContentView.swift */ = {isa = PBXFileReference; lastKnownFileType = sourcecode.swift; path = ContentView.swift; sourceTree = "<group>"; };
		3DED0C18275E8AE30063D57C /* Assets.xcassets */ = {isa = PBXFileReference; lastKnownFileType = folder.assetcatalog; path = Assets.xcassets; sourceTree = "<group>"; };
		3DED0C1B275E8AE30063D57C /* Preview Assets.xcassets */ = {isa = PBXFileReference; lastKnownFileType = folder.assetcatalog; path = "Preview Assets.xcassets"; sourceTree = "<group>"; };
		3DED0C21275E8AE40063D57C /* AssetManagermentAppTests.xctest */ = {isa = PBXFileReference; explicitFileType = wrapper.cfbundle; includeInIndex = 0; path = AssetManagermentAppTests.xctest; sourceTree = BUILT_PRODUCTS_DIR; };
		3DED0C25275E8AE40063D57C /* AssetManagermentAppTests.swift */ = {isa = PBXFileReference; lastKnownFileType = sourcecode.swift; path = AssetManagermentAppTests.swift; sourceTree = "<group>"; };
		3DED0C2B275E8AE40063D57C /* AssetManagermentAppUITests.xctest */ = {isa = PBXFileReference; explicitFileType = wrapper.cfbundle; includeInIndex = 0; path = AssetManagermentAppUITests.xctest; sourceTree = BUILT_PRODUCTS_DIR; };
		3DED0C2F275E8AE40063D57C /* AssetManagermentAppUITests.swift */ = {isa = PBXFileReference; lastKnownFileType = sourcecode.swift; path = AssetManagermentAppUITests.swift; sourceTree = "<group>"; };
		3DED0C31275E8AE40063D57C /* AssetManagermentAppUITestsLaunchTests.swift */ = {isa = PBXFileReference; lastKnownFileType = sourcecode.swift; path = AssetManagermentAppUITestsLaunchTests.swift; sourceTree = "<group>"; };
		3DED0C3E275E8B240063D57C /* MyView.swift */ = {isa = PBXFileReference; lastKnownFileType = sourcecode.swift; path = MyView.swift; sourceTree = "<group>"; };
/* End PBXFileReference section */

/* Begin PBXFrameworksBuildPhase section */
		3DED0C0E275E8AE20063D57C /* Frameworks */ = {
			isa = PBXFrameworksBuildPhase;
			buildActionMask = 2147483647;
			files = (
			);
			runOnlyForDeploymentPostprocessing = 0;
		};
		3DED0C1E275E8AE40063D57C /* Frameworks */ = {
			isa = PBXFrameworksBuildPhase;
			buildActionMask = 2147483647;
			files = (
			);
			runOnlyForDeploymentPostprocessing = 0;
		};
		3DED0C28275E8AE40063D57C /* Frameworks */ = {
			isa = PBXFrameworksBuildPhase;
			buildActionMask = 2147483647;
			files = (
			);
			runOnlyForDeploymentPostprocessing = 0;
		};
/* End PBXFrameworksBuildPhase section */

/* Begin PBXGroup section */
		3DED0C08275E8AE20063D57C = {
			isa = PBXGroup;
			children = (
				3DED0C13275E8AE20063D57C /* AssetManagermentApp */,
				3DED0C24275E8AE40063D57C /* AssetManagermentAppTests */,
				3DED0C2E275E8AE40063D57C /* AssetManagermentAppUITests */,
				3DED0C12275E8AE20063D57C /* Products */,
			);
			sourceTree = "<group>";
		};
		3DED0C12275E8AE20063D57C /* Products */ = {
			isa = PBXGroup;
			children = (
				3DED0C11275E8AE20063D57C /* AssetManagermentApp.app */,
				3DED0C21275E8AE40063D57C /* AssetManagermentAppTests.xctest */,
				3DED0C2B275E8AE40063D57C /* AssetManagermentAppUITests.xctest */,
			);
			name = Products;
			sourceTree = "<group>";
		};
		3DED0C13275E8AE20063D57C /* AssetManagermentApp */ = {
			isa = PBXGroup;
			children = (
				3DED0C14275E8AE20063D57C /* AssetManagermentAppApp.swift */,
				3DED0C16275E8AE20063D57C /* ContentView.swift */,
				3DED0C3E275E8B240063D57C /* MyView.swift */,
				3DED0C18275E8AE30063D57C /* Assets.xcassets */,
				3DED0C1A275E8AE30063D57C /* Preview Content */,
			);
			path = AssetManagermentApp;
			sourceTree = "<group>";
		};
		3DED0C1A275E8AE30063D57C /* Preview Content */ = {
			isa = PBXGroup;
			children = (
				3DED0C1B275E8AE30063D57C /* Preview Assets.xcassets */,
			);
			path = "Preview Content";
			sourceTree = "<group>";
		};
		3DED0C24275E8AE40063D57C /* AssetManagermentAppTests */ = {
			isa = PBXGroup;
			children = (
				3DED0C25275E8AE40063D57C /* AssetManagermentAppTests.swift */,
			);
			path = AssetManagermentAppTests;
			sourceTree = "<group>";
		};
		3DED0C2E275E8AE40063D57C /* AssetManagermentAppUITests */ = {
			isa = PBXGroup;
			children = (
				3DED0C2F275E8AE40063D57C /* AssetManagermentAppUITests.swift */,
				3DED0C31275E8AE40063D57C /* AssetManagermentAppUITestsLaunchTests.swift */,
			);
			path = AssetManagermentAppUITests;
			sourceTree = "<group>";
		};
/* End PBXGroup section */

/* Begin PBXNativeTarget section */
		3DED0C10275E8AE20063D57C /* AssetManagermentApp */ = {
			isa = PBXNativeTarget;
			buildConfigurationList = 3DED0C35275E8AE40063D57C /* Build configuration list for PBXNativeTarget "AssetManagermentApp" */;
			buildPhases = (
				3DED0C0D275E8AE20063D57C /* Sources */,
				3DED0C0E275E8AE20063D57C /* Frameworks */,
				3DED0C0F275E8AE20063D57C /* Resources */,
			);
			buildRules = (
			);
			dependencies = (
			);
			name = AssetManagermentApp;
			productName = AssetManagermentApp;
			productReference = 3DED0C11275E8AE20063D57C /* AssetManagermentApp.app */;
			productType = "com.apple.product-type.application";
		};
		3DED0C20275E8AE40063D57C /* AssetManagermentAppTests */ = {
			isa = PBXNativeTarget;
			buildConfigurationList = 3DED0C38275E8AE40063D57C /* Build configuration list for PBXNativeTarget "AssetManagermentAppTests" */;
			buildPhases = (
				3DED0C1D275E8AE40063D57C /* Sources */,
				3DED0C1E275E8AE40063D57C /* Frameworks */,
				3DED0C1F275E8AE40063D57C /* Resources */,
			);
			buildRules = (
			);
			dependencies = (
				3DED0C23275E8AE40063D57C /* PBXTargetDependency */,
			);
			name = AssetManagermentAppTests;
			productName = AssetManagermentAppTests;
			productReference = 3DED0C21275E8AE40063D57C /* AssetManagermentAppTests.xctest */;
			productType = "com.apple.product-type.bundle.unit-test";
		};
		3DED0C2A275E8AE40063D57C /* AssetManagermentAppUITests */ = {
			isa = PBXNativeTarget;
			buildConfigurationList = 3DED0C3B275E8AE40063D57C /* Build configuration list for PBXNativeTarget "AssetManagermentAppUITests" */;
			buildPhases = (
				3DED0C27275E8AE40063D57C /* Sources */,
				3DED0C28275E8AE40063D57C /* Frameworks */,
				3DED0C29275E8AE40063D57C /* Resources */,
			);
			buildRules = (
			);
			dependencies = (
				3DED0C2D275E8AE40063D57C /* PBXTargetDependency */,
			);
			name = AssetManagermentAppUITests;
			productName = AssetManagermentAppUITests;
			productReference = 3DED0C2B275E8AE40063D57C /* AssetManagermentAppUITests.xctest */;
			productType = "com.apple.product-type.bundle.ui-testing";
		};
/* End PBXNativeTarget section */

/* Begin PBXProject section */
		3DED0C09275E8AE20063D57C /* Project object */ = {
			isa = PBXProject;
			attributes = {
				BuildIndependentTargetsInParallel = 1;
				LastSwiftUpdateCheck = 1310;
				LastUpgradeCheck = 1310;
				TargetAttributes = {
					3DED0C10275E8AE20063D57C = {
						CreatedOnToolsVersion = 13.1;
					};
					3DED0C20275E8AE40063D57C = {
						CreatedOnToolsVersion = 13.1;
						TestTargetID = 3DED0C10275E8AE20063D57C;
					};
					3DED0C2A275E8AE40063D57C = {
						CreatedOnToolsVersion = 13.1;
						TestTargetID = 3DED0C10275E8AE20063D57C;
					};
				};
			};
			buildConfigurationList = 3DED0C0C275E8AE20063D57C /* Build configuration list for PBXProject "AssetManagermentApp" */;
			compatibilityVersion = "Xcode 13.0";
			developmentRegion = en;
			hasScannedForEncodings = 0;
			knownRegions = (
				en,
				Base,
			);
			mainGroup = 3DED0C08275E8AE20063D57C;
			productRefGroup = 3DED0C12275E8AE20063D57C /* Products */;
			projectDirPath = "";
			projectRoot = "";
			targets = (
				3DED0C10275E8AE20063D57C /* AssetManagermentApp */,
				3DED0C20275E8AE40063D57C /* AssetManagermentAppTests */,
				3DED0C2A275E8AE40063D57C /* AssetManagermentAppUITests */,
			);
		};
/* End PBXProject section */

/* Begin PBXResourcesBuildPhase section */
		3DED0C0F275E8AE20063D57C /* Resources */ = {
			isa = PBXResourcesBuildPhase;
			buildActionMask = 2147483647;
			files = (
				3DED0C1C275E8AE30063D57C /* Preview Assets.xcassets in Resources */,
				3DED0C19275E8AE30063D57C /* Assets.xcassets in Resources */,
			);
			runOnlyForDeploymentPostprocessing = 0;
		};
		3DED0C1F275E8AE40063D57C /* Resources */ = {
			isa = PBXResourcesBuildPhase;
			buildActionMask = 2147483647;
			files = (
			);
			runOnlyForDeploymentPostprocessing = 0;
		};
		3DED0C29275E8AE40063D57C /* Resources */ = {
			isa = PBXResourcesBuildPhase;
			buildActionMask = 2147483647;
			files = (
			);
			runOnlyForDeploymentPostprocessing = 0;
		};
/* End PBXResourcesBuildPhase section */

/* Begin PBXSourcesBuildPhase section */
		3DED0C0D275E8AE20063D57C /* Sources */ = {
			isa = PBXSourcesBuildPhase;
			buildActionMask = 2147483647;
			files = (
				3DED0C3F275E8B240063D57C /* MyView.swift in Sources */,
				3DED0C17275E8AE20063D57C /* ContentView.swift in Sources */,
				3DED0C15275E8AE20063D57C /* AssetManagermentAppApp.swift in Sources */,
			);
			runOnlyForDeploymentPostprocessing = 0;
		};
		3DED0C1D275E8AE40063D57C /* Sources */ = {
			isa = PBXSourcesBuildPhase;
			buildActionMask = 2147483647;
			files = (
				3DED0C26275E8AE40063D57C /* AssetManagermentAppTests.swift in Sources */,
			);
			runOnlyForDeploymentPostprocessing = 0;
		};
		3DED0C27275E8AE40063D57C /* Sources */ = {
			isa = PBXSourcesBuildPhase;
			buildActionMask = 2147483647;
			files = (
				3DED0C30275E8AE40063D57C /* AssetManagermentAppUITests.swift in Sources */,
				3DED0C32275E8AE40063D57C /* AssetManagermentAppUITestsLaunchTests.swift in Sources */,
			);
			runOnlyForDeploymentPostprocessing = 0;
		};
/* End PBXSourcesBuildPhase section */

/* Begin PBXTargetDependency section */
		3DED0C23275E8AE40063D57C /* PBXTargetDependency */ = {
			isa = PBXTargetDependency;
			target = 3DED0C10275E8AE20063D57C /* AssetManagermentApp */;
			targetProxy = 3DED0C22275E8AE40063D57C /* PBXContainerItemProxy */;
		};
		3DED0C2D275E8AE40063D57C /* PBXTargetDependency */ = {
			isa = PBXTargetDependency;
			target = 3DED0C10275E8AE20063D57C /* AssetManagermentApp */;
			targetProxy = 3DED0C2C275E8AE40063D57C /* PBXContainerItemProxy */;
		};
/* End PBXTargetDependency section */

/* Begin XCBuildConfiguration section */
		3DED0C33275E8AE40063D57C /* Debug */ = {
			isa = XCBuildConfiguration;
			buildSettings = {
				ALWAYS_SEARCH_USER_PATHS = NO;
				CLANG_ANALYZER_NONNULL = YES;
				CLANG_ANALYZER_NUMBER_OBJECT_CONVERSION = YES_AGGRESSIVE;
				CLANG_CXX_LANGUAGE_STANDARD = "gnu++17";
				CLANG_CXX_LIBRARY = "libc++";
				CLANG_ENABLE_MODULES = YES;
				CLANG_ENABLE_OBJC_ARC = YES;
				CLANG_ENABLE_OBJC_WEAK = YES;
				CLANG_WARN_BLOCK_CAPTURE_AUTORELEASING = YES;
				CLANG_WARN_BOOL_CONVERSION = YES;
				CLANG_WARN_COMMA = YES;
				CLANG_WARN_CONSTANT_CONVERSION = YES;
				CLANG_WARN_DEPRECATED_OBJC_IMPLEMENTATIONS = YES;
				CLANG_WARN_DIRECT_OBJC_ISA_USAGE = YES_ERROR;
				CLANG_WARN_DOCUMENTATION_COMMENTS = YES;
				CLANG_WARN_EMPTY_BODY = YES;
				CLANG_WARN_ENUM_CONVERSION = YES;
				CLANG_WARN_INFINITE_RECURSION = YES;
				CLANG_WARN_INT_CONVERSION = YES;
				CLANG_WARN_NON_LITERAL_NULL_CONVERSION = YES;
				CLANG_WARN_OBJC_IMPLICIT_RETAIN_SELF = YES;
				CLANG_WARN_OBJC_LITERAL_CONVERSION = YES;
				CLANG_WARN_OBJC_ROOT_CLASS = YES_ERROR;
				CLANG_WARN_QUOTED_INCLUDE_IN_FRAMEWORK_HEADER = YES;
				CLANG_WARN_RANGE_LOOP_ANALYSIS = YES;
				CLANG_WARN_STRICT_PROTOTYPES = YES;
				CLANG_WARN_SUSPICIOUS_MOVE = YES;
				CLANG_WARN_UNGUARDED_AVAILABILITY = YES_AGGRESSIVE;
				CLANG_WARN_UNREACHABLE_CODE = YES;
				CLANG_WARN__DUPLICATE_METHOD_MATCH = YES;
				COPY_PHASE_STRIP = NO;
				DEBUG_INFORMATION_FORMAT = dwarf;
				ENABLE_STRICT_OBJC_MSGSEND = YES;
				ENABLE_TESTABILITY = YES;
				GCC_C_LANGUAGE_STANDARD = gnu11;
				GCC_DYNAMIC_NO_PIC = NO;
				GCC_NO_COMMON_BLOCKS = YES;
				GCC_OPTIMIZATION_LEVEL = 0;
				GCC_PREPROCESSOR_DEFINITIONS = (
					"DEBUG=1",
					"$(inherited)",
				);
				GCC_WARN_64_TO_32_BIT_CONVERSION = YES;
				GCC_WARN_ABOUT_RETURN_TYPE = YES_ERROR;
				GCC_WARN_UNDECLARED_SELECTOR = YES;
				GCC_WARN_UNINITIALIZED_AUTOS = YES_AGGRESSIVE;
				GCC_WARN_UNUSED_FUNCTION = YES;
				GCC_WARN_UNUSED_VARIABLE = YES;
				IPHONEOS_DEPLOYMENT_TARGET = 15.0;
				MTL_ENABLE_DEBUG_INFO = INCLUDE_SOURCE;
				MTL_FAST_MATH = YES;
				ONLY_ACTIVE_ARCH = YES;
				SDKROOT = iphoneos;
				SWIFT_ACTIVE_COMPILATION_CONDITIONS = DEBUG;
				SWIFT_OPTIMIZATION_LEVEL = "-Onone";
			};
			name = Debug;
		};
		3DED0C34275E8AE40063D57C /* Release */ = {
			isa = XCBuildConfiguration;
			buildSettings = {
				ALWAYS_SEARCH_USER_PATHS = NO;
				CLANG_ANALYZER_NONNULL = YES;
				CLANG_ANALYZER_NUMBER_OBJECT_CONVERSION = YES_AGGRESSIVE;
				CLANG_CXX_LANGUAGE_STANDARD = "gnu++17";
				CLANG_CXX_LIBRARY = "libc++";
				CLANG_ENABLE_MODULES = YES;
				CLANG_ENABLE_OBJC_ARC = YES;
				CLANG_ENABLE_OBJC_WEAK = YES;
				CLANG_WARN_BLOCK_CAPTURE_AUTORELEASING = YES;
				CLANG_WARN_BOOL_CONVERSION = YES;
				CLANG_WARN_COMMA = YES;
				CLANG_WARN_CONSTANT_CONVERSION = YES;
				CLANG_WARN_DEPRECATED_OBJC_IMPLEMENTATIONS = YES;
				CLANG_WARN_DIRECT_OBJC_ISA_USAGE = YES_ERROR;
				CLANG_WARN_DOCUMENTATION_COMMENTS = YES;
				CLANG_WARN_EMPTY_BODY = YES;
				CLANG_WARN_ENUM_CONVERSION = YES;
				CLANG_WARN_INFINITE_RECURSION = YES;
				CLANG_WARN_INT_CONVERSION = YES;
				CLANG_WARN_NON_LITERAL_NULL_CONVERSION = YES;
				CLANG_WARN_OBJC_IMPLICIT_RETAIN_SELF = YES;
				CLANG_WARN_OBJC_LITERAL_CONVERSION = YES;
				CLANG_WARN_OBJC_ROOT_CLASS = YES_ERROR;
				CLANG_WARN_QUOTED_INCLUDE_IN_FRAMEWORK_HEADER = YES;
				CLANG_WARN_RANGE_LOOP_ANALYSIS = YES;
				CLANG_WARN_STRICT_PROTOTYPES = YES;
				CLANG_WARN_SUSPICIOUS_MOVE = YES;
				CLANG_WARN_UNGUARDED_AVAILABILITY = YES_AGGRESSIVE;
				CLANG_WARN_UNREACHABLE_CODE = YES;
				CLANG_WARN__DUPLICATE_METHOD_MATCH = YES;
				COPY_PHASE_STRIP = NO;
				DEBUG_INFORMATION_FORMAT = "dwarf-with-dsym";
				ENABLE_NS_ASSERTIONS = NO;
				ENABLE_STRICT_OBJC_MSGSEND = YES;
				GCC_C_LANGUAGE_STANDARD = gnu11;
				GCC_NO_COMMON_BLOCKS = YES;
				GCC_WARN_64_TO_32_BIT_CONVERSION = YES;
				GCC_WARN_ABOUT_RETURN_TYPE = YES_ERROR;
				GCC_WARN_UNDECLARED_SELECTOR = YES;
				GCC_WARN_UNINITIALIZED_AUTOS = YES_AGGRESSIVE;
				GCC_WARN_UNUSED_FUNCTION = YES;
				GCC_WARN_UNUSED_VARIABLE = YES;
				IPHONEOS_DEPLOYMENT_TARGET = 15.0;
				MTL_ENABLE_DEBUG_INFO = NO;
				MTL_FAST_MATH = YES;
				SDKROOT = iphoneos;
				SWIFT_COMPILATION_MODE = wholemodule;
				SWIFT_OPTIMIZATION_LEVEL = "-O";
				VALIDATE_PRODUCT = YES;
			};
			name = Release;
		};
		3DED0C36275E8AE40063D57C /* Debug */ = {
			isa = XCBuildConfiguration;
			buildSettings = {
				ASSETCATALOG_COMPILER_APPICON_NAME = AppIcon;
				ASSETCATALOG_COMPILER_GLOBAL_ACCENT_COLOR_NAME = AccentColor;
				CODE_SIGN_STYLE = Automatic;
				CURRENT_PROJECT_VERSION = 1;
				DEVELOPMENT_ASSET_PATHS = "\"AssetManagermentApp/Preview Content\"";
				DEVELOPMENT_TEAM = GLQQLN3R4U;
				ENABLE_PREVIEWS = YES;
				GENERATE_INFOPLIST_FILE = YES;
				INFOPLIST_KEY_UIApplicationSceneManifest_Generation = YES;
				INFOPLIST_KEY_UIApplicationSupportsIndirectInputEvents = YES;
				INFOPLIST_KEY_UILaunchScreen_Generation = YES;
				INFOPLIST_KEY_UISupportedInterfaceOrientations_iPad = "UIInterfaceOrientationPortrait UIInterfaceOrientationPortraitUpsideDown UIInterfaceOrientationLandscapeLeft UIInterfaceOrientationLandscapeRight";
				INFOPLIST_KEY_UISupportedInterfaceOrientations_iPhone = "UIInterfaceOrientationPortrait UIInterfaceOrientationLandscapeLeft UIInterfaceOrientationLandscapeRight";
				LD_RUNPATH_SEARCH_PATHS = (
					"$(inherited)",
					"@executable_path/Frameworks",
				);
				MARKETING_VERSION = 1.0;
				PRODUCT_BUNDLE_IDENTIFIER = "com.miori.dev-swiftui.AssetManagermentApp";
				PRODUCT_NAME = "$(TARGET_NAME)";
				SWIFT_EMIT_LOC_STRINGS = YES;
				SWIFT_VERSION = 5.0;
				TARGETED_DEVICE_FAMILY = "1,2";
			};
			name = Debug;
		};
		3DED0C37275E8AE40063D57C /* Release */ = {
			isa = XCBuildConfiguration;
			buildSettings = {
				ASSETCATALOG_COMPILER_APPICON_NAME = AppIcon;
				ASSETCATALOG_COMPILER_GLOBAL_ACCENT_COLOR_NAME = AccentColor;
				CODE_SIGN_STYLE = Automatic;
				CURRENT_PROJECT_VERSION = 1;
				DEVELOPMENT_ASSET_PATHS = "\"AssetManagermentApp/Preview Content\"";
				DEVELOPMENT_TEAM = GLQQLN3R4U;
				ENABLE_PREVIEWS = YES;
				GENERATE_INFOPLIST_FILE = YES;
				INFOPLIST_KEY_UIApplicationSceneManifest_Generation = YES;
				INFOPLIST_KEY_UIApplicationSupportsIndirectInputEvents = YES;
				INFOPLIST_KEY_UILaunchScreen_Generation = YES;
				INFOPLIST_KEY_UISupportedInterfaceOrientations_iPad = "UIInterfaceOrientationPortrait UIInterfaceOrientationPortraitUpsideDown UIInterfaceOrientationLandscapeLeft UIInterfaceOrientationLandscapeRight";
				INFOPLIST_KEY_UISupportedInterfaceOrientations_iPhone = "UIInterfaceOrientationPortrait UIInterfaceOrientationLandscapeLeft UIInterfaceOrientationLandscapeRight";
				LD_RUNPATH_SEARCH_PATHS = (
					"$(inherited)",
					"@executable_path/Frameworks",
				);
				MARKETING_VERSION = 1.0;
				PRODUCT_BUNDLE_IDENTIFIER = "com.miori.dev-swiftui.AssetManagermentApp";
				PRODUCT_NAME = "$(TARGET_NAME)";
				SWIFT_EMIT_LOC_STRINGS = YES;
				SWIFT_VERSION = 5.0;
				TARGETED_DEVICE_FAMILY = "1,2";
			};
			name = Release;
		};
		3DED0C39275E8AE40063D57C /* Debug */ = {
			isa = XCBuildConfiguration;
			buildSettings = {
				ALWAYS_EMBED_SWIFT_STANDARD_LIBRARIES = YES;
				BUNDLE_LOADER = "$(TEST_HOST)";
				CODE_SIGN_STYLE = Automatic;
				CURRENT_PROJECT_VERSION = 1;
				DEVELOPMENT_TEAM = GLQQLN3R4U;
				GENERATE_INFOPLIST_FILE = YES;
				IPHONEOS_DEPLOYMENT_TARGET = 15.0;
				LD_RUNPATH_SEARCH_PATHS = (
					"$(inherited)",
					"@executable_path/Frameworks",
					"@loader_path/Frameworks",
				);
				MARKETING_VERSION = 1.0;
				PRODUCT_BUNDLE_IDENTIFIER = "com.miori.dev-swiftui.AssetManagermentAppTests";
				PRODUCT_NAME = "$(TARGET_NAME)";
				SWIFT_EMIT_LOC_STRINGS = NO;
				SWIFT_VERSION = 5.0;
				TARGETED_DEVICE_FAMILY = "1,2";
				TEST_HOST = "$(BUILT_PRODUCTS_DIR)/AssetManagermentApp.app/AssetManagermentApp";
			};
			name = Debug;
		};
		3DED0C3A275E8AE40063D57C /* Release */ = {
			isa = XCBuildConfiguration;
			buildSettings = {
				ALWAYS_EMBED_SWIFT_STANDARD_LIBRARIES = YES;
				BUNDLE_LOADER = "$(TEST_HOST)";
				CODE_SIGN_STYLE = Automatic;
				CURRENT_PROJECT_VERSION = 1;
				DEVELOPMENT_TEAM = GLQQLN3R4U;
				GENERATE_INFOPLIST_FILE = YES;
				IPHONEOS_DEPLOYMENT_TARGET = 15.0;
				LD_RUNPATH_SEARCH_PATHS = (
					"$(inherited)",
					"@executable_path/Frameworks",
					"@loader_path/Frameworks",
				);
				MARKETING_VERSION = 1.0;
				PRODUCT_BUNDLE_IDENTIFIER = "com.miori.dev-swiftui.AssetManagermentAppTests";
				PRODUCT_NAME = "$(TARGET_NAME)";
				SWIFT_EMIT_LOC_STRINGS = NO;
				SWIFT_VERSION = 5.0;
				TARGETED_DEVICE_FAMILY = "1,2";
				TEST_HOST = "$(BUILT_PRODUCTS_DIR)/AssetManagermentApp.app/AssetManagermentApp";
			};
			name = Release;
		};
		3DED0C3C275E8AE40063D57C /* Debug */ = {
			isa = XCBuildConfiguration;
			buildSettings = {
				ALWAYS_EMBED_SWIFT_STANDARD_LIBRARIES = YES;
				CODE_SIGN_STYLE = Automatic;
				CURRENT_PROJECT_VERSION = 1;
				DEVELOPMENT_TEAM = GLQQLN3R4U;
				GENERATE_INFOPLIST_FILE = YES;
				LD_RUNPATH_SEARCH_PATHS = (
					"$(inherited)",
					"@executable_path/Frameworks",
					"@loader_path/Frameworks",
				);
				MARKETING_VERSION = 1.0;
				PRODUCT_BUNDLE_IDENTIFIER = "com.miori.dev-swiftui.AssetManagermentAppUITests";
				PRODUCT_NAME = "$(TARGET_NAME)";
				SWIFT_EMIT_LOC_STRINGS = NO;
				SWIFT_VERSION = 5.0;
				TARGETED_DEVICE_FAMILY = "1,2";
				TEST_TARGET_NAME = AssetManagermentApp;
			};
			name = Debug;
		};
		3DED0C3D275E8AE40063D57C /* Release */ = {
			isa = XCBuildConfiguration;
			buildSettings = {
				ALWAYS_EMBED_SWIFT_STANDARD_LIBRARIES = YES;
				CODE_SIGN_STYLE = Automatic;
				CURRENT_PROJECT_VERSION = 1;
				DEVELOPMENT_TEAM = GLQQLN3R4U;
				GENERATE_INFOPLIST_FILE = YES;
				LD_RUNPATH_SEARCH_PATHS = (
					"$(inherited)",
					"@executable_path/Frameworks",
					"@loader_path/Frameworks",
				);
				MARKETING_VERSION = 1.0;
				PRODUCT_BUNDLE_IDENTIFIER = "com.miori.dev-swiftui.AssetManagermentAppUITests";
				PRODUCT_NAME = "$(TARGET_NAME)";
				SWIFT_EMIT_LOC_STRINGS = NO;
				SWIFT_VERSION = 5.0;
				TARGETED_DEVICE_FAMILY = "1,2";
				TEST_TARGET_NAME = AssetManagermentApp;
			};
			name = Release;
		};
/* End XCBuildConfiguration section */

/* Begin XCConfigurationList section */
		3DED0C0C275E8AE20063D57C /* Build configuration list for PBXProject "AssetManagermentApp" */ = {
			isa = XCConfigurationList;
			buildConfigurations = (
				3DED0C33275E8AE40063D57C /* Debug */,
				3DED0C34275E8AE40063D57C /* Release */,
			);
			defaultConfigurationIsVisible = 0;
			defaultConfigurationName = Release;
		};
		3DED0C35275E8AE40063D57C /* Build configuration list for PBXNativeTarget "AssetManagermentApp" */ = {
			isa = XCConfigurationList;
			buildConfigurations = (
				3DED0C36275E8AE40063D57C /* Debug */,
				3DED0C37275E8AE40063D57C /* Release */,
			);
			defaultConfigurationIsVisible = 0;
			defaultConfigurationName = Release;
		};
		3DED0C38275E8AE40063D57C /* Build configuration list for PBXNativeTarget "AssetManagermentAppTests" */ = {
			isa = XCConfigurationList;
			buildConfigurations = (
				3DED0C39275E8AE40063D57C /* Debug */,
				3DED0C3A275E8AE40063D57C /* Release */,
			);
			defaultConfigurationIsVisible = 0;
			defaultConfigurationName = Release;
		};
		3DED0C3B275E8AE40063D57C /* Build configuration list for PBXNativeTarget "AssetManagermentAppUITests" */ = {
			isa = XCConfigurationList;
			buildConfigurations = (
				3DED0C3C275E8AE40063D57C /* Debug */,
				3DED0C3D275E8AE40063D57C /* Release */,
			);
			defaultConfigurationIsVisible = 0;
			defaultConfigurationName = Release;
		};
/* End XCConfigurationList section */
	};
	rootObject = 3DED0C09275E8AE20063D57C /* Project object */;
}
